# This file is generated by running "yarn install" inside your project.
# Manual changes might be lost - proceed with caution!

__metadata:
  version: 4
  cacheKey: 8

"@discordjs/builders@npm:^0.5.0":
  version: 0.5.0
  resolution: "@discordjs/builders@npm:0.5.0"
  dependencies:
    "@sindresorhus/is": ^4.0.1
    discord-api-types: ^0.22.0
    ow: ^0.27.0
    ts-mixer: ^6.0.0
    tslib: ^2.3.0
  checksum: 064bd547b63a8cc593b3f8b0e290cb1c27cf335a89addd77aeb078055a92201a6905d0a67919004da0c915d01c0104383c5c06a07df751e4a4e921d7a000f6e3
  languageName: node
  linkType: hard

"@discordjs/collection@npm:^0.2.1":
  version: 0.2.1
  resolution: "@discordjs/collection@npm:0.2.1"
  checksum: e68d4bbf83b03bc18c7648d0f5c5669d1f1a394596bc2fcbb907284cff65657b28dbf165a1b8ccae20b6bc0726bc8a0a276d8adba8f9413502bb19d61b98598f
  languageName: node
  linkType: hard

"@discordjs/form-data@npm:^3.0.1":
  version: 3.0.1
  resolution: "@discordjs/form-data@npm:3.0.1"
  dependencies:
    asynckit: ^0.4.0
    combined-stream: ^1.0.8
    mime-types: ^2.1.12
  checksum: 2b431b1a14f8ac521e1c13567856cef7e61e05aafe2721e03d9e074bb7e5f45c89fc123b126964943edf301ec612d04515dcf068ea9773a2e30a99a844c00603
  languageName: node
  linkType: hard

"@sapphire/async-queue@npm:^1.1.4":
  version: 1.1.4
  resolution: "@sapphire/async-queue@npm:1.1.4"
  checksum: 416a8f3b1de7452b251a650c1b33d5bef829a7b6ef215ad58a0cc04847f247f17ebae1e9424a26f29ec2e36d2f98294e71cdafe20a32612356b4674dd4125ae0
  languageName: node
  linkType: hard

"@sapphire/discord-utilities@npm:^2.1.5":
  version: 2.1.5
  resolution: "@sapphire/discord-utilities@npm:2.1.5"
  dependencies:
    twemoji-parser: ^13.1.0
  checksum: 93ef35a146ab8bd5874c059906c012d5b099012efd9fe56e8cb81cd16c21e3eaa84ed7d5377014eaf692783927e4a7d11ae46699a7aa319ae002a911ea0b7e3b
  languageName: node
  linkType: hard

"@sapphire/discord-utilities@npm:^2.2.0-next.9b57a291.0":
  version: 2.2.0-next.9b57a291.0
  resolution: "@sapphire/discord-utilities@npm:2.2.0-next.9b57a291.0"
  dependencies:
    twemoji-parser: ^13.1.0
  checksum: c9717d7e15fd71eaa6203d2f86c15e4fd8df321c1f243e470ab77acb0ec3fc9036b7d33c1a87acfda2f8679938549089ac573fc49ceb1d972ecbfa4663c73462
  languageName: node
  linkType: hard

"@sapphire/discord.js-utilities@npm:next":
  version: 3.0.0-next.9b57a291.0
  resolution: "@sapphire/discord.js-utilities@npm:3.0.0-next.9b57a291.0"
  dependencies:
    "@sapphire/discord-utilities": ^2.2.0-next.9b57a291.0
    "@sapphire/time-utilities": ^1.4.0-next.9b57a291.0
    "@sapphire/utilities": ^2.1.0-next.9b57a291.0
  checksum: aab702be74bb990c9c243555bff3ae0604e26a55af2808d32b8f79b493899c84ef26326c69d6c8e58e939c99eb202da328611f98e0a9239e27f7f2010d73f565
  languageName: node
  linkType: hard

"@sapphire/framework@npm:next":
  version: 2.0.0-next.71c18830.0
  resolution: "@sapphire/framework@npm:2.0.0-next.71c18830.0"
  dependencies:
    "@sapphire/discord-utilities": ^2.1.5
    "@sapphire/discord.js-utilities": next
    "@sapphire/pieces": ^3.0.0
    "@sapphire/ratelimits": ^2.0.1
    "@sapphire/utilities": ^2.0.1
    lexure: ^0.17.0
    tslib: ^2.3.1
  checksum: ad7ff7227c873f03a60c40b5ddf237563126ba8743452a24fd52f261dd38e6d7f5ff2d016afa8a293585d47af1861b2587034bad5486313135f8712e108faf68
  languageName: node
  linkType: hard

"@sapphire/pieces@npm:^3.0.0":
  version: 3.0.0
  resolution: "@sapphire/pieces@npm:3.0.0"
  dependencies:
    "@discordjs/collection": ^0.2.1
    "@sapphire/utilities": ^2.0.1
    tslib: ^2.3.1
  checksum: a63d38e4940c3e97ab78ded9877edc5b18f29060f92081b1000b6ad2d2a0b8864f680d7619c80f9a5da0a33044ba574b2d475e673691678295f6ddd314488b69
  languageName: node
  linkType: hard

"@sapphire/prettier-config@npm:^1.1.6":
  version: 1.1.6
  resolution: "@sapphire/prettier-config@npm:1.1.6"
  dependencies:
    prettier: 2.x
  checksum: 2d0aed3482908eb00f6614cd2aa59819b304475a172538c81180259af9869b7b1e7d27c2fa9a90f1ae5bc9d3f6c1d390f30ab8006022542fbdf12d0de1e62f6e
  languageName: node
  linkType: hard

"@sapphire/ratelimits@npm:^2.0.1":
  version: 2.0.1
  resolution: "@sapphire/ratelimits@npm:2.0.1"
  dependencies:
    "@sapphire/time-utilities": ^1.3.8
  checksum: 9e6e8b06a32b5437f2c884612c162abd0993a843cb77449c640c14cdd61a8040ddd0c9218bb1171c493c757d6e06433d8738f6ce6f8b03d5a7ac0a31a80593a4
  languageName: node
  linkType: hard

"@sapphire/time-utilities@npm:^1.3.8":
  version: 1.3.8
  resolution: "@sapphire/time-utilities@npm:1.3.8"
  dependencies:
    "@sapphire/utilities": ^2.0.1
  checksum: 4e648574aab63a7471826c2041871043ea702ac22b29ca09ec1f589f1285b8a50e66f8761d210961c8a829865b62b77e21900b88451a83e01cb097976ea860f7
  languageName: node
  linkType: hard

"@sapphire/time-utilities@npm:^1.4.0-next.9b57a291.0":
  version: 1.4.0-next.9b57a291.0
  resolution: "@sapphire/time-utilities@npm:1.4.0-next.9b57a291.0"
  dependencies:
    "@sapphire/utilities": ^2.1.0-next.9b57a291.0
  checksum: 3aa7848e825964405a38d873bf24774002f7e373e521b5ef0386e660b07ccf119d4cfd78b6d385b6e8a7faba03ae98c57c46763acd4b7d1e7941816cbe5aef15
  languageName: node
  linkType: hard

"@sapphire/ts-config@npm:^3.0.0":
  version: 3.0.0
  resolution: "@sapphire/ts-config@npm:3.0.0"
  dependencies:
    tslib: ^2.3.0
    typescript: ^4.3.5
  checksum: 7dcb377f9b8f151323c580ba4d693b07ec9862e6996b0facced9a76d2f45ca0249eba6f11fa40051172cf9e4415cefac484896ae793b4c13f1777734c81839df
  languageName: node
  linkType: hard

"@sapphire/utilities@npm:^2.0.1":
  version: 2.0.1
  resolution: "@sapphire/utilities@npm:2.0.1"
  checksum: 2458193fa79ccdb7ca25b463fd4c184ac8d3151b08f816e2e5c9a44675a29cc2b81e17ae57113144e6c58df6fdc4bf40b89e6d4471e203ac420dc7d84375e1c7
  languageName: node
  linkType: hard

"@sapphire/utilities@npm:^2.1.0-next.9b57a291.0":
  version: 2.1.0-next.9b57a291.0
  resolution: "@sapphire/utilities@npm:2.1.0-next.9b57a291.0"
  checksum: 7a346566deae32715ef23480a1195b43ac81bbe1abc30744cecf772393fd6c5baa33f3e2a7aa13c35cb16842790ef9bf8bfca64ca5a800b84a08a6d11dd0d9a6
  languageName: node
  linkType: hard

"@sindresorhus/is@npm:^4.0.1":
  version: 4.2.0
  resolution: "@sindresorhus/is@npm:4.2.0"
  checksum: 59040dfb75c2eb6ab76e8c7ac10b7f7f6ba740f0b5ac618a89a8bcdbaf923836a8e998078d59d81f6f13f4b6bbe15bfe1bca962c877edcbe9160d1c100c56fd7
  languageName: node
  linkType: hard

"@types/node@npm:*":
  version: 16.9.2
  resolution: "@types/node@npm:16.9.2"
  checksum: 204aa883bc93a267f43804af8872e538935369ab905d5ca702d2c17a213339f8df974bb95d21e2e714e8f83f669b185d8526f7c4b5d16adbdb5d96d4f2e75fa9
  languageName: node
  linkType: hard

"@types/ws@npm:^7.4.7":
  version: 7.4.7
  resolution: "@types/ws@npm:7.4.7"
  dependencies:
    "@types/node": "*"
  checksum: b4c9b8ad209620c9b21e78314ce4ff07515c0cadab9af101c1651e7bfb992d7fd933bd8b9c99d110738fd6db523ed15f82f29f50b45510288da72e964dedb1a3
  languageName: node
  linkType: hard

"asynckit@npm:^0.4.0":
  version: 0.4.0
  resolution: "asynckit@npm:0.4.0"
  checksum: 7b78c451df768adba04e2d02e63e2d0bf3b07adcd6e42b4cf665cb7ce899bedd344c69a1dcbce355b5f972d597b25aaa1c1742b52cffd9caccb22f348114f6be
  languageName: node
  linkType: hard

"callsites@npm:^3.1.0":
  version: 3.1.0
  resolution: "callsites@npm:3.1.0"
  checksum: 072d17b6abb459c2ba96598918b55868af677154bec7e73d222ef95a8fdb9bbf7dae96a8421085cdad8cd190d86653b5b6dc55a4484f2e5b2e27d5e0c3fc15b3
  languageName: node
  linkType: hard

"combined-stream@npm:^1.0.8":
  version: 1.0.8
  resolution: "combined-stream@npm:1.0.8"
  dependencies:
    delayed-stream: ~1.0.0
  checksum: 49fa4aeb4916567e33ea81d088f6584749fc90c7abec76fd516bf1c5aa5c79f3584b5ba3de6b86d26ddd64bae5329c4c7479343250cfe71c75bb366eae53bb7c
  languageName: node
  linkType: hard

"delayed-stream@npm:~1.0.0":
  version: 1.0.0
  resolution: "delayed-stream@npm:1.0.0"
  checksum: 46fe6e83e2cb1d85ba50bd52803c68be9bd953282fa7096f51fc29edd5d67ff84ff753c51966061e5ba7cb5e47ef6d36a91924eddb7f3f3483b1c560f77a0020
  languageName: node
  linkType: hard

"discord-api-types@npm:^0.22.0":
  version: 0.22.0
  resolution: "discord-api-types@npm:0.22.0"
  checksum: 673bcd960e394d8a3752bb03d50de44e74d508450e3d2cce947a69e0a6dc43c00196e18245c88dd26f3a8b0a56b40e0dbf52e058b7aabc7ed77f0f018003cb04
  languageName: node
  linkType: hard

"discord.js@npm:^13.1.0":
  version: 13.1.0
  resolution: "discord.js@npm:13.1.0"
  dependencies:
    "@discordjs/builders": ^0.5.0
    "@discordjs/collection": ^0.2.1
    "@discordjs/form-data": ^3.0.1
    "@sapphire/async-queue": ^1.1.4
    "@types/ws": ^7.4.7
    discord-api-types: ^0.22.0
    node-fetch: ^2.6.1
    ws: ^7.5.1
  checksum: 90f629be6296c89bfa25bd8a2bb486c3e00deb25fd1e0ae931658ee3f58e83fbe5e205180ab795aa39a2614c74d4dc9e8bb5aa0c9b3a7ebdcf03992f18602372
  languageName: node
  linkType: hard

"dot-prop@npm:^6.0.1":
  version: 6.0.1
  resolution: "dot-prop@npm:6.0.1"
  dependencies:
    is-obj: ^2.0.0
  checksum: 0f47600a4b93e1dc37261da4e6909652c008832a5d3684b5bf9a9a0d3f4c67ea949a86dceed9b72f5733ed8e8e6383cc5958df3bbd0799ee317fd181f2ece700
  languageName: node
  linkType: hard

"esbuild@npm:^0.12.28":
  version: 0.12.28
  resolution: "esbuild@npm:0.12.28"
  bin:
    esbuild: bin/esbuild
  checksum: 9127dc048aad41a59d736460b9ea3cf5e367a7e5a650b2b465e066ee291e3c5e9fa5ad4b56cd4dea76cde9a1dee25a0e9e94f558b24170fc124eb0778e043eae
  languageName: node
  linkType: hard

"is-obj@npm:^2.0.0":
  version: 2.0.0
  resolution: "is-obj@npm:2.0.0"
  checksum: c9916ac8f4621962a42f5e80e7ffdb1d79a3fab7456ceaeea394cd9e0858d04f985a9ace45be44433bf605673c8be8810540fe4cc7f4266fc7526ced95af5a08
  languageName: node
  linkType: hard

"lexure@npm:^0.17.0":
  version: 0.17.0
  resolution: "lexure@npm:0.17.0"
  checksum: 95797b0ada9452bcdfdd30997572ab1673de1b2583a5af2fa309aa3587ec3b95ba361880b333ed446a6b0f07764b6d8d2cf1d72083c61fa9f96c06181f194453
  languageName: node
  linkType: hard

"lodash.isequal@npm:^4.5.0":
  version: 4.5.0
  resolution: "lodash.isequal@npm:4.5.0"
  checksum: da27515dc5230eb1140ba65ff8de3613649620e8656b19a6270afe4866b7bd461d9ba2ac8a48dcc57f7adac4ee80e1de9f965d89d4d81a0ad52bb3eec2609644
  languageName: node
  linkType: hard

"mime-db@npm:1.49.0":
  version: 1.49.0
  resolution: "mime-db@npm:1.49.0"
  checksum: 3744efc45b17896ff8a5934a761c434d5ffe3c7816662002d799ca9934347e00f99ae4d9b4ddf1c48d391cc9e522cc4523a6e77e7701f8e27c426e3e1d6e215a
  languageName: node
  linkType: hard

"mime-types@npm:^2.1.12":
  version: 2.1.32
  resolution: "mime-types@npm:2.1.32"
  dependencies:
    mime-db: 1.49.0
  checksum: 4487dfd2f872126d2c219ec731ad47a6169a438d5a4cce6ecef7594ce08eaefaf0d85429485a76ec005f095016c7ec488a24cf8bfcc0ea06de0355e23395746f
  languageName: node
  linkType: hard

"node-fetch@npm:^2.6.1":
  version: 2.6.2
  resolution: "node-fetch@npm:2.6.2"
  checksum: de367eae1dfbc0e12283c1cf92256ea7fba7eac8655e2e51ebb217727162396fc6cf24689ef9fc6accf075e3991e2ffaa061f7cfaa958215329649b2297ff06d
  languageName: node
  linkType: hard

"ow@npm:^0.27.0":
  version: 0.27.0
  resolution: "ow@npm:0.27.0"
  dependencies:
    "@sindresorhus/is": ^4.0.1
    callsites: ^3.1.0
    dot-prop: ^6.0.1
    lodash.isequal: ^4.5.0
    type-fest: ^1.2.1
    vali-date: ^1.0.0
  checksum: bffd6fa43d004163bab9821fae4d2eceee92d70059ba2a5dca1ad7497cd167554224a7efab3d41476112fbab4714afa99b8866506e8b9bad5d690cf967146332
  languageName: node
  linkType: hard

"prettier@npm:2.x, prettier@npm:^2.4.1":
  version: 2.4.1
  resolution: "prettier@npm:2.4.1"
  bin:
    prettier: bin-prettier.js
  checksum: cc6830588b401b0d742862fe9c46bc9118204fb307c3abe0e49e95b35ed23629573807ffdf9cdd65289c252a0bb51fc0171437f6626ee36378dea80f0ee80b91
  languageName: node
  linkType: hard

"test-bot@workspace:.":
  version: 0.0.0-use.local
  resolution: "test-bot@workspace:."
  dependencies:
    "@sapphire/framework": next
    "@sapphire/prettier-config": ^1.1.6
    "@sapphire/ts-config": ^3.0.0
    discord.js: ^13.1.0
    esbuild: ^0.12.28
    prettier: ^2.4.1
    typescript: ^4.4.3
  languageName: unknown
  linkType: soft

"ts-mixer@npm:^6.0.0":
  version: 6.0.0
  resolution: "ts-mixer@npm:6.0.0"
  checksum: 791a513c9ca318a979928f5265fd6029858fa21595153a9386063c11239a6b1c352db1e277c19f0544d017a67cf78d120a7438b86b2c828b1115eb607538eff8
  languageName: node
  linkType: hard

"tslib@npm:^2.3.0, tslib@npm:^2.3.1":
  version: 2.3.1
  resolution: "tslib@npm:2.3.1"
  checksum: de17a98d4614481f7fcb5cd53ffc1aaf8654313be0291e1bfaee4b4bb31a20494b7d218ff2e15017883e8ea9626599b3b0e0229c18383ba9dce89da2adf15cb9
  languageName: node
  linkType: hard

"twemoji-parser@npm:^13.1.0":
  version: 13.1.0
  resolution: "twemoji-parser@npm:13.1.0"
  checksum: 8046ce003c03dd92d68c2648cfbfa39c659fca4f05c10da8d14957985dc3c0c680f3ecf2de8245dc1ddffedc5b2a675f2032053e1e77cc7474301a88fe192ad3
  languageName: node
  linkType: hard

"type-fest@npm:^1.2.1":
  version: 1.4.0
  resolution: "type-fest@npm:1.4.0"
  checksum: b011c3388665b097ae6a109a437a04d6f61d81b7357f74cbcb02246f2f5bd72b888ae33631b99871388122ba0a87f4ff1c94078e7119ff22c70e52c0ff828201
  languageName: node
  linkType: hard

"typescript@^4.3.5, typescript@^4.4.3":
  version: 4.4.3
  resolution: "typescript@npm:4.4.3"
  bin:
    tsc: bin/tsc
    tsserver: bin/tsserver
  checksum: 05823f21796d450531a7e4ab299715d38fd9ded0e4ce7400876053f4b5166ca3dde7a68cecfe72d9086039f03c0b6edba36516fb10ed83c5837d9600532ea4c2
  languageName: node
  linkType: hard

"typescript@patch:typescript@^4.3.5#~builtin<compat/typescript>, typescript@patch:typescript@^4.4.3#~builtin<compat/typescript>":
  version: 4.4.3
  resolution: "typescript@patch:typescript@npm%3A4.4.3#~builtin<compat/typescript>::version=4.4.3&hash=32657b"
  bin:
    tsc: bin/tsc
    tsserver: bin/tsserver
  checksum: 28ab98313afab46788ff41014fdb5932430ada6e03cf9e92ac47f406526a2cac1ae2894834e7da61e46b7429318e9c47f45ba8de323332f0cb9af99b72ebae74
  languageName: node
  linkType: hard

"vali-date@npm:^1.0.0":
  version: 1.0.0
  resolution: "vali-date@npm:1.0.0"
  checksum: 6464369cb77003a966591f2bd17b7c938c480956992e254b3455fd1651a3b7633e23aac8a03b974bbdfbd2357da52b98d46357bb6f292ffd28768a6d3959e61e
  languageName: node
  linkType: hard

"ws@npm:^7.5.1":
  version: 7.5.5
  resolution: "ws@npm:7.5.5"
  peerDependencies:
    bufferutil: ^4.0.1
    utf-8-validate: ^5.0.2
  peerDependenciesMeta:
    bufferutil:
      optional: true
    utf-8-validate:
      optional: true
  checksum: bd2b437256012af526c69c03d6670a132e7ab0fe5853f3b7092826acea4203fad4ee2a8d0d9bd44834b2b968e747bf34f753ab535f4a3edf40d262da4b1d0805
  languageName: node
  linkType: hard
